
Microsoft Visual Studio Solution File, Format Version 11.00
# Visual Studio 2010
Project("{8BC9CEB8-8B4A-11D0-8D11-00A0C91BC942}") = "BlinkAnalysis", "BlinkAnalysis\BlinkAnalysis.vcxproj", "{7439C959-92E0-4299-A67C-FC9E32D38AEB}"
EndProject
Project("{2150E333-8FDC-42A3-9474-1A3956D46DE8}") = "Solution Items", "Solution Items", "{BB0A81D2-C46D-4951-AAE9-055B5528B541}"
	ProjectSection(SolutionItems) = preProject
		Performance1.psess = Performance1.psess
	EndProjectSection
EndProject
Global
	GlobalSection(SolutionConfigurationPlatforms) = preSolution
		Debug|Win32 = Debug|Win32
		Release|Win32 = Release|Win32
	EndGlobalSection
	GlobalSection(ProjectConfigurationPlatforms) = postSolution
		{7439C959-92E0-4299-A67C-FC9E32D38AEB}.Debug|Win32.ActiveCfg = Debug|Win32
		{7439C959-92E0-4299-A67C-FC9E32D38AEB}.Debug|Win32.Build.0 = Debug|Win32
		{7439C959-92E0-4299-A67C-FC9E32D38AEB}.Release|Win32.ActiveCfg = Release|Win32
		{7439C959-92E0-4299-A67C-FC9E32D38AEB}.Release|Win32.Build.0 = Release|Win32
	EndGlobalSection
	GlobalSection(SolutionProperties) = preSolution
		HideSolutionNode = FALSE
	EndGlobalSection
EndGlobal
