<?xml version="1.0" encoding="utf-8"?>
<Project ToolsVersion="4.0" xmlns="http://schemas.microsoft.com/developer/msbuild/2003">
  <ItemGroup>
    <Filter Include="Source Files">
      <UniqueIdentifier>{4FC737F1-C7A5-4376-A066-2A32D752A2FF}</UniqueIdentifier>
      <Extensions>cpp;c;cc;cxx;def;odl;idl;hpj;bat;asm;asmx</Extensions>
    </Filter>
    <Filter Include="Header Files">
      <UniqueIdentifier>{93995380-89BD-4b04-88EB-625FBE52EBFB}</UniqueIdentifier>
      <Extensions>h;hpp;hxx;hm;inl;inc;xsd</Extensions>
    </Filter>
    <Filter Include="Resource Files">
      <UniqueIdentifier>{67DA6AB6-F800-4c08-8B7A-83BB121AAD01}</UniqueIdentifier>
      <Extensions>rc;ico;cur;bmp;dlg;rc2;rct;bin;rgs;gif;jpg;jpeg;jpe;resx;tiff;tif;png;wav;mfcribbon-ms</Extensions>
    </Filter>
  </ItemGroup>
  <ItemGroup>
    <None Include="ReadMe.txt" />
    <None Include="app.ico">
      <Filter>Resource Files</Filter>
    </None>
    <None Include="DikablisHelpDocs\DikablisHelp.rtf">
      <Filter>Resource Files</Filter>
    </None>
    <None Include="ClassDiagram1.cd" />
  </ItemGroup>
  <ItemGroup>
    <ClCompile Include="BlinkAnalysis.cpp">
      <Filter>Source Files</Filter>
    </ClCompile>
    <ClCompile Include="AssemblyInfo.cpp">
      <Filter>Source Files</Filter>
    </ClCompile>
    <ClCompile Include="stdafx.cpp">
      <Filter>Source Files</Filter>
    </ClCompile>
    <ClCompile Include="Split.cpp">
      <Filter>Source Files</Filter>
    </ClCompile>
    <ClCompile Include="TCPClientListener.cpp">
      <Filter>Source Files</Filter>
    </ClCompile>
    <ClCompile Include="Dikablis.cpp">
      <Filter>Source Files</Filter>
    </ClCompile>
    <ClCompile Include="MainFormController.cpp">
      <Filter>Source Files</Filter>
    </ClCompile>
    <ClCompile Include="DikablisHelp.cpp">
      <Filter>Source Files</Filter>
    </ClCompile>
    <ClCompile Include="ClientHandler.cpp">
      <Filter>Source Files</Filter>
    </ClCompile>
    <ClCompile Include="RigidBody.cpp">
      <Filter>Source Files</Filter>
    </ClCompile>
    <ClCompile Include="NatNetClientSetup.cpp">
      <Filter>Source Files</Filter>
    </ClCompile>
    <ClCompile Include="AppData.cpp">
      <Filter>Source Files</Filter>
    </ClCompile>
    <ClCompile Include="AppViewer.cpp">
      <Filter>Source Files</Filter>
    </ClCompile>
    <ClCompile Include="Objects.cpp">
      <Filter>Source Files</Filter>
    </ClCompile>
    <ClCompile Include="pugixml.cpp">
      <Filter>Source Files</Filter>
    </ClCompile>
    <ClCompile Include="CaptureObject.cpp">
      <Filter>Source Files</Filter>
    </ClCompile>
    <ClCompile Include="EyeCalibration.cpp">
      <Filter>Source Files</Filter>
    </ClCompile>
    <ClCompile Include="CaptureObjectUtil.cpp">
      <Filter>Source Files</Filter>
    </ClCompile>
    <ClCompile Include="CaptureWorld.cpp">
      <Filter>Source Files</Filter>
    </ClCompile>
  </ItemGroup>
  <ItemGroup>
    <ClInclude Include="stdafx.h">
      <Filter>Header Files</Filter>
    </ClInclude>
    <ClInclude Include="resource.h">
      <Filter>Header Files</Filter>
    </ClInclude>
    <ClInclude Include="MainForm.h">
      <Filter>Header Files</Filter>
    </ClInclude>
    <ClInclude Include="Split.h">
      <Filter>Header Files</Filter>
    </ClInclude>
    <ClInclude Include="TCPClientListener.h">
      <Filter>Header Files</Filter>
    </ClInclude>
    <ClInclude Include="Dikablis.h">
      <Filter>Header Files</Filter>
    </ClInclude>
    <ClInclude Include="MainFormController.h">
      <Filter>Header Files</Filter>
    </ClInclude>
    <ClInclude Include="DikablisHelp.h">
      <Filter>Header Files</Filter>
    </ClInclude>
    <ClInclude Include="ClientHandler.h">
      <Filter>Header Files</Filter>
    </ClInclude>
    <ClInclude Include="RigidBody.h">
      <Filter>Header Files</Filter>
    </ClInclude>
    <ClInclude Include="NatNetClientSetup.h">
      <Filter>Header Files</Filter>
    </ClInclude>
    <ClInclude Include="AppData.h">
      <Filter>Header Files</Filter>
    </ClInclude>
    <ClInclude Include="Debug.h">
      <Filter>Header Files</Filter>
    </ClInclude>
    <ClInclude Include="AppViewer.h">
      <Filter>Header Files</Filter>
    </ClInclude>
    <ClInclude Include="Objects.h">
      <Filter>Header Files</Filter>
    </ClInclude>
    <ClInclude Include="EyeCalibrationWizardForm.h">
      <Filter>Header Files</Filter>
    </ClInclude>
    <ClInclude Include="WizardPages.h">
      <Filter>Header Files</Filter>
    </ClInclude>
    <ClInclude Include="EyeCalibration.h">
      <Filter>Header Files</Filter>
    </ClInclude>
    <ClInclude Include="pugixml.hpp">
      <Filter>Header Files</Filter>
    </ClInclude>
    <ClInclude Include="pugiconfig.hpp">
      <Filter>Header Files</Filter>
    </ClInclude>
    <ClInclude Include="CaptureObject.h">
      <Filter>Header Files</Filter>
    </ClInclude>
    <ClInclude Include="CaptureObjectUtil.h">
      <Filter>Header Files</Filter>
    </ClInclude>
    <ClInclude Include="CaptureWorld.h">
      <Filter>Header Files</Filter>
    </ClInclude>
    <ClInclude Include="Marker.h">
      <Filter>Header Files</Filter>
    </ClInclude>
    <ClInclude Include="AddObjectForm.h">
      <Filter>Header Files</Filter>
    </ClInclude>
    <ClInclude Include="EyeCalibrationWizardFormController.h">
      <Filter>Header Files</Filter>
    </ClInclude>
    <ClInclude Include="FormController.h">
      <Filter>Header Files</Filter>
    </ClInclude>
    <ClInclude Include="Marcos.h">
      <Filter>Header Files</Filter>
    </ClInclude>
  </ItemGroup>
  <ItemGroup>
    <ResourceCompile Include="app.rc">
      <Filter>Resource Files</Filter>
    </ResourceCompile>
  </ItemGroup>
  <ItemGroup>
    <EmbeddedResource Include="MainForm.resX">
      <Filter>Resource Files</Filter>
    </EmbeddedResource>
    <EmbeddedResource Include="DikablisHelp.resx">
      <Filter>Resource Files</Filter>
    </EmbeddedResource>
    <EmbeddedResource Include="EyeCalibrationWizardForm.resx">
      <Filter>Resource Files</Filter>
    </EmbeddedResource>
    <EmbeddedResource Include="AddObjectForm.resx">
      <Filter>Resource Files</Filter>
    </EmbeddedResource>
  </ItemGroup>
</Project>